
Microsoft Visual Studio Solution File, Format Version 12.00
# Visual Studio Version 16
VisualStudioVersion = 16.0.30406.217
MinimumVisualStudioVersion = 10.0.40219.1
Project("{FAE04EC0-301F-11D3-BF4B-00C04F79EFBC}") = "Student Records", "Student Records\Student Records.csproj", "{3FB69E10-A4E4-4244-8D87-5A12369F65DA}"
EndProject
Global
	GlobalSection(SolutionConfigurationPlatforms) = preSolution
		Debug|Any CPU = Debug|Any CPU
		Release|Any CPU = Release|Any CPU
	EndGlobalSection
	GlobalSection(ProjectConfigurationPlatforms) = postSolution
		{3FB69E10-A4E4-4244-8D87-5A12369F65DA}.Debug|Any CPU.ActiveCfg = Debug|Any CPU
		{3FB69E10-A4E4-4244-8D87-5A12369F65DA}.Debug|Any CPU.Build.0 = Debug|Any CPU
		{3FB69E10-A4E4-4244-8D87-5A12369F65DA}.Release|Any CPU.ActiveCfg = Release|Any CPU
		{3FB69E10-A4E4-4244-8D87-5A12369F65DA}.Release|Any CPU.Build.0 = Release|Any CPU
	EndGlobalSection
	GlobalSection(SolutionProperties) = preSolution
		HideSolutionNode = FALSE
	EndGlobalSection
	GlobalSection(ExtensibilityGlobals) = postSolution
		SolutionGuid = {816FED8F-24D0-49F3-B2C1-CAD297DC4B24}
	EndGlobalSection
EndGlobal
